
Microsoft Visual Studio Solution File, Format Version 12.00
# Visual Studio Version 16
VisualStudioVersion = 16.0.29920.165
MinimumVisualStudioVersion = 10.0.40219.1
Project("{FAE04EC0-301F-11D3-BF4B-00C04F79EFBC}") = "DemoConsoleApp", "DemoConsoleApp\DemoConsoleApp.csproj", "{000F53B7-3BEC-4AE5-BC10-CD71200586F4}"
EndProject
Project("{FAE04EC0-301F-11D3-BF4B-00C04F79EFBC}") = "DemoWebApp", "DemoWebApp\DemoWebApp.csproj", "{F4EFFF50-8B6E-480E-9140-97D7DF708617}"
EndProject
Project("{FAE04EC0-301F-11D3-BF4B-00C04F79EFBC}") = "DemoConsoleAppCore", "DemoConsoleAppCore\DemoConsoleAppCore.csproj", "{FFE93163-8022-4EF5-858D-9EC4EC7DCD5B}"
EndProject
Global
	GlobalSection(SolutionConfigurationPlatforms) = preSolution
		Debug|Any CPU = Debug|Any CPU
		Release|Any CPU = Release|Any CPU
	EndGlobalSection
	GlobalSection(ProjectConfigurationPlatforms) = postSolution
		{000F53B7-3BEC-4AE5-BC10-CD71200586F4}.Debug|Any CPU.ActiveCfg = Debug|Any CPU
		{000F53B7-3BEC-4AE5-BC10-CD71200586F4}.Debug|Any CPU.Build.0 = Debug|Any CPU
		{000F53B7-3BEC-4AE5-BC10-CD71200586F4}.Release|Any CPU.ActiveCfg = Release|Any CPU
		{000F53B7-3BEC-4AE5-BC10-CD71200586F4}.Release|Any CPU.Build.0 = Release|Any CPU
		{F4EFFF50-8B6E-480E-9140-97D7DF708617}.Debug|Any CPU.ActiveCfg = Debug|Any CPU
		{F4EFFF50-8B6E-480E-9140-97D7DF708617}.Debug|Any CPU.Build.0 = Debug|Any CPU
		{F4EFFF50-8B6E-480E-9140-97D7DF708617}.Release|Any CPU.ActiveCfg = Release|Any CPU
		{F4EFFF50-8B6E-480E-9140-97D7DF708617}.Release|Any CPU.Build.0 = Release|Any CPU
		{FFE93163-8022-4EF5-858D-9EC4EC7DCD5B}.Debug|Any CPU.ActiveCfg = Debug|Any CPU
		{FFE93163-8022-4EF5-858D-9EC4EC7DCD5B}.Debug|Any CPU.Build.0 = Debug|Any CPU
		{FFE93163-8022-4EF5-858D-9EC4EC7DCD5B}.Release|Any CPU.ActiveCfg = Release|Any CPU
		{FFE93163-8022-4EF5-858D-9EC4EC7DCD5B}.Release|Any CPU.Build.0 = Release|Any CPU
	EndGlobalSection
	GlobalSection(SolutionProperties) = preSolution
		HideSolutionNode = FALSE
	EndGlobalSection
	GlobalSection(ExtensibilityGlobals) = postSolution
		SolutionGuid = {67D0ED6D-A738-4C5B-9E6D-33D441C2CAA0}
	EndGlobalSection
EndGlobal
