
Microsoft Visual Studio Solution File, Format Version 12.00
# Visual Studio Version 16
VisualStudioVersion = 16.0.29920.165
MinimumVisualStudioVersion = 10.0.40219.1
Project("{FAE04EC0-301F-11D3-BF4B-00C04F79EFBC}") = "DemoAppCore", "DemoAppCore\DemoAppCore.csproj", "{5AEC0A1B-4DF7-471B-B08F-A1CE011B0BD6}"
EndProject
Project("{FAE04EC0-301F-11D3-BF4B-00C04F79EFBC}") = "DemoClassLibStd", "DemoClassLibStd\DemoClassLibStd.csproj", "{053188DD-2772-4FB2-A0E3-2A68DC2D89DD}"
EndProject
Project("{FAE04EC0-301F-11D3-BF4B-00C04F79EFBC}") = "DemoAppFramework", "DemoAppFramework\DemoAppFramework.csproj", "{53F97DC4-3EF6-4790-8356-8E4FC08BC4EE}"
EndProject
Global
	GlobalSection(SolutionConfigurationPlatforms) = preSolution
		Debug|Any CPU = Debug|Any CPU
		Release|Any CPU = Release|Any CPU
	EndGlobalSection
	GlobalSection(ProjectConfigurationPlatforms) = postSolution
		{5AEC0A1B-4DF7-471B-B08F-A1CE011B0BD6}.Debug|Any CPU.ActiveCfg = Debug|Any CPU
		{5AEC0A1B-4DF7-471B-B08F-A1CE011B0BD6}.Debug|Any CPU.Build.0 = Debug|Any CPU
		{5AEC0A1B-4DF7-471B-B08F-A1CE011B0BD6}.Release|Any CPU.ActiveCfg = Release|Any CPU
		{5AEC0A1B-4DF7-471B-B08F-A1CE011B0BD6}.Release|Any CPU.Build.0 = Release|Any CPU
		{053188DD-2772-4FB2-A0E3-2A68DC2D89DD}.Debug|Any CPU.ActiveCfg = Debug|Any CPU
		{053188DD-2772-4FB2-A0E3-2A68DC2D89DD}.Debug|Any CPU.Build.0 = Debug|Any CPU
		{053188DD-2772-4FB2-A0E3-2A68DC2D89DD}.Release|Any CPU.ActiveCfg = Release|Any CPU
		{053188DD-2772-4FB2-A0E3-2A68DC2D89DD}.Release|Any CPU.Build.0 = Release|Any CPU
		{53F97DC4-3EF6-4790-8356-8E4FC08BC4EE}.Debug|Any CPU.ActiveCfg = Debug|Any CPU
		{53F97DC4-3EF6-4790-8356-8E4FC08BC4EE}.Debug|Any CPU.Build.0 = Debug|Any CPU
		{53F97DC4-3EF6-4790-8356-8E4FC08BC4EE}.Release|Any CPU.ActiveCfg = Release|Any CPU
		{53F97DC4-3EF6-4790-8356-8E4FC08BC4EE}.Release|Any CPU.Build.0 = Release|Any CPU
	EndGlobalSection
	GlobalSection(SolutionProperties) = preSolution
		HideSolutionNode = FALSE
	EndGlobalSection
	GlobalSection(ExtensibilityGlobals) = postSolution
		SolutionGuid = {F6D6DC2D-9F99-41EB-920F-CA2443591C81}
	EndGlobalSection
EndGlobal
