
Microsoft Visual Studio Solution File, Format Version 12.00
# Visual Studio 14
VisualStudioVersion = 14.0.25420.1
MinimumVisualStudioVersion = 10.0.40219.1
Project("{FAE04EC0-301F-11D3-BF4B-00C04F79EFBC}") = "TryCatchFinally", "TryCatchFinally\TryCatchFinally.csproj", "{6FD61DFD-3698-4E74-BFAC-7878BD1D19FD}"
EndProject
Project("{FAE04EC0-301F-11D3-BF4B-00C04F79EFBC}") = "Patterns", "Patterns\Patterns.csproj", "{A89213DE-F2E4-48E1-9728-565EC72AE85E}"
EndProject
Global
	GlobalSection(SolutionConfigurationPlatforms) = preSolution
		Debug|Any CPU = Debug|Any CPU
		Release|Any CPU = Release|Any CPU
	EndGlobalSection
	GlobalSection(ProjectConfigurationPlatforms) = postSolution
		{6FD61DFD-3698-4E74-BFAC-7878BD1D19FD}.Debug|Any CPU.ActiveCfg = Debug|Any CPU
		{6FD61DFD-3698-4E74-BFAC-7878BD1D19FD}.Debug|Any CPU.Build.0 = Debug|Any CPU
		{6FD61DFD-3698-4E74-BFAC-7878BD1D19FD}.Release|Any CPU.ActiveCfg = Release|Any CPU
		{6FD61DFD-3698-4E74-BFAC-7878BD1D19FD}.Release|Any CPU.Build.0 = Release|Any CPU
		{A89213DE-F2E4-48E1-9728-565EC72AE85E}.Debug|Any CPU.ActiveCfg = Debug|Any CPU
		{A89213DE-F2E4-48E1-9728-565EC72AE85E}.Debug|Any CPU.Build.0 = Debug|Any CPU
		{A89213DE-F2E4-48E1-9728-565EC72AE85E}.Release|Any CPU.ActiveCfg = Release|Any CPU
		{A89213DE-F2E4-48E1-9728-565EC72AE85E}.Release|Any CPU.Build.0 = Release|Any CPU
	EndGlobalSection
	GlobalSection(SolutionProperties) = preSolution
		HideSolutionNode = FALSE
	EndGlobalSection
EndGlobal
